
Microsoft Visual Studio Solution File, Format Version 12.00
# Visual Studio Version 16
VisualStudioVersion = 16.0.29509.3
MinimumVisualStudioVersion = 10.0.40219.1
Project("{FAE04EC0-301F-11D3-BF4B-00C04F79EFBC}") = "GemeindeJubilaen.UWP", "GemeindeJubilaen.UWP\GemeindeJubilaen.UWP.csproj", "{130466B9-6AD7-4BE6-A95A-5F70BF523C8F}"
EndProject
Project("{FAE04EC0-301F-11D3-BF4B-00C04F79EFBC}") = "GemeindeJubilaen.Android", "GemeindeJubilaen.Android\GemeindeJubilaen.Android.csproj", "{DE835E7A-34F9-4F4E-B0A7-2CEF59F4E17D}"
EndProject
Project("{FAE04EC0-301F-11D3-BF4B-00C04F79EFBC}") = "GemeindeJubilaen.iOS", "GemeindeJubilaen.iOS\GemeindeJubilaen.iOS.csproj", "{C0C53C14-C2B7-4F3A-84DA-997FE950BCB6}"
EndProject
Project("{9A19103F-16F7-4668-BE54-9A1E7A4F7556}") = "GemeindeJubilaen", "GemeindeJubilaen\GemeindeJubilaen.csproj", "{6395249E-4877-4451-B75F-004B3D4C4645}"
EndProject
Global
	GlobalSection(SolutionConfigurationPlatforms) = preSolution
		Debug|Any CPU = Debug|Any CPU
		Debug|ARM = Debug|ARM
		Debug|iPhone = Debug|iPhone
		Debug|iPhoneSimulator = Debug|iPhoneSimulator
		Debug|x64 = Debug|x64
		Debug|x86 = Debug|x86
		Release|Any CPU = Release|Any CPU
		Release|ARM = Release|ARM
		Release|iPhone = Release|iPhone
		Release|iPhoneSimulator = Release|iPhoneSimulator
		Release|x64 = Release|x64
		Release|x86 = Release|x86
	EndGlobalSection
	GlobalSection(ProjectConfigurationPlatforms) = postSolution
		{130466B9-6AD7-4BE6-A95A-5F70BF523C8F}.Debug|Any CPU.ActiveCfg = Debug|x86
		{130466B9-6AD7-4BE6-A95A-5F70BF523C8F}.Debug|Any CPU.Build.0 = Debug|x86
		{130466B9-6AD7-4BE6-A95A-5F70BF523C8F}.Debug|Any CPU.Deploy.0 = Debug|x86
		{130466B9-6AD7-4BE6-A95A-5F70BF523C8F}.Debug|ARM.ActiveCfg = Debug|ARM
		{130466B9-6AD7-4BE6-A95A-5F70BF523C8F}.Debug|ARM.Build.0 = Debug|ARM
		{130466B9-6AD7-4BE6-A95A-5F70BF523C8F}.Debug|ARM.Deploy.0 = Debug|ARM
		{130466B9-6AD7-4BE6-A95A-5F70BF523C8F}.Debug|iPhone.ActiveCfg = Debug|x86
		{130466B9-6AD7-4BE6-A95A-5F70BF523C8F}.Debug|iPhone.Build.0 = Debug|x86
		{130466B9-6AD7-4BE6-A95A-5F70BF523C8F}.Debug|iPhone.Deploy.0 = Debug|x86
		{130466B9-6AD7-4BE6-A95A-5F70BF523C8F}.Debug|iPhoneSimulator.ActiveCfg = Debug|x86
		{130466B9-6AD7-4BE6-A95A-5F70BF523C8F}.Debug|iPhoneSimulator.Build.0 = Debug|x86
		{130466B9-6AD7-4BE6-A95A-5F70BF523C8F}.Debug|iPhoneSimulator.Deploy.0 = Debug|x86
		{130466B9-6AD7-4BE6-A95A-5F70BF523C8F}.Debug|x64.ActiveCfg = Debug|x64
		{130466B9-6AD7-4BE6-A95A-5F70BF523C8F}.Debug|x64.Build.0 = Debug|x64
		{130466B9-6AD7-4BE6-A95A-5F70BF523C8F}.Debug|x64.Deploy.0 = Debug|x64
		{130466B9-6AD7-4BE6-A95A-5F70BF523C8F}.Debug|x86.ActiveCfg = Debug|x86
		{130466B9-6AD7-4BE6-A95A-5F70BF523C8F}.Debug|x86.Build.0 = Debug|x86
		{130466B9-6AD7-4BE6-A95A-5F70BF523C8F}.Debug|x86.Deploy.0 = Debug|x86
		{130466B9-6AD7-4BE6-A95A-5F70BF523C8F}.Release|Any CPU.ActiveCfg = Release|x86
		{130466B9-6AD7-4BE6-A95A-5F70BF523C8F}.Release|Any CPU.Build.0 = Release|x86
		{130466B9-6AD7-4BE6-A95A-5F70BF523C8F}.Release|Any CPU.Deploy.0 = Release|x86
		{130466B9-6AD7-4BE6-A95A-5F70BF523C8F}.Release|ARM.ActiveCfg = Release|ARM
		{130466B9-6AD7-4BE6-A95A-5F70BF523C8F}.Release|ARM.Build.0 = Release|ARM
		{130466B9-6AD7-4BE6-A95A-5F70BF523C8F}.Release|ARM.Deploy.0 = Release|ARM
		{130466B9-6AD7-4BE6-A95A-5F70BF523C8F}.Release|iPhone.ActiveCfg = Release|x86
		{130466B9-6AD7-4BE6-A95A-5F70BF523C8F}.Release|iPhone.Build.0 = Release|x86
		{130466B9-6AD7-4BE6-A95A-5F70BF523C8F}.Release|iPhone.Deploy.0 = Release|x86
		{130466B9-6AD7-4BE6-A95A-5F70BF523C8F}.Release|iPhoneSimulator.ActiveCfg = Release|x86
		{130466B9-6AD7-4BE6-A95A-5F70BF523C8F}.Release|iPhoneSimulator.Build.0 = Release|x86
		{130466B9-6AD7-4BE6-A95A-5F70BF523C8F}.Release|iPhoneSimulator.Deploy.0 = Release|x86
		{130466B9-6AD7-4BE6-A95A-5F70BF523C8F}.Release|x64.ActiveCfg = Release|x64
		{130466B9-6AD7-4BE6-A95A-5F70BF523C8F}.Release|x64.Build.0 = Release|x64
		{130466B9-6AD7-4BE6-A95A-5F70BF523C8F}.Release|x64.Deploy.0 = Release|x64
		{130466B9-6AD7-4BE6-A95A-5F70BF523C8F}.Release|x86.ActiveCfg = Release|x86
		{130466B9-6AD7-4BE6-A95A-5F70BF523C8F}.Release|x86.Build.0 = Release|x86
		{130466B9-6AD7-4BE6-A95A-5F70BF523C8F}.Release|x86.Deploy.0 = Release|x86
		{DE835E7A-34F9-4F4E-B0A7-2CEF59F4E17D}.Debug|Any CPU.ActiveCfg = Debug|Any CPU
		{DE835E7A-34F9-4F4E-B0A7-2CEF59F4E17D}.Debug|Any CPU.Build.0 = Debug|Any CPU
		{DE835E7A-34F9-4F4E-B0A7-2CEF59F4E17D}.Debug|Any CPU.Deploy.0 = Debug|Any CPU
		{DE835E7A-34F9-4F4E-B0A7-2CEF59F4E17D}.Debug|ARM.ActiveCfg = Debug|Any CPU
		{DE835E7A-34F9-4F4E-B0A7-2CEF59F4E17D}.Debug|ARM.Build.0 = Debug|Any CPU
		{DE835E7A-34F9-4F4E-B0A7-2CEF59F4E17D}.Debug|ARM.Deploy.0 = Debug|Any CPU
		{DE835E7A-34F9-4F4E-B0A7-2CEF59F4E17D}.Debug|iPhone.ActiveCfg = Debug|Any CPU
		{DE835E7A-34F9-4F4E-B0A7-2CEF59F4E17D}.Debug|iPhone.Build.0 = Debug|Any CPU
		{DE835E7A-34F9-4F4E-B0A7-2CEF59F4E17D}.Debug|iPhone.Deploy.0 = Debug|Any CPU
		{DE835E7A-34F9-4F4E-B0A7-2CEF59F4E17D}.Debug|iPhoneSimulator.ActiveCfg = Debug|Any CPU
		{DE835E7A-34F9-4F4E-B0A7-2CEF59F4E17D}.Debug|iPhoneSimulator.Build.0 = Debug|Any CPU
		{DE835E7A-34F9-4F4E-B0A7-2CEF59F4E17D}.Debug|iPhoneSimulator.Deploy.0 = Debug|Any CPU
		{DE835E7A-34F9-4F4E-B0A7-2CEF59F4E17D}.Debug|x64.ActiveCfg = Debug|Any CPU
		{DE835E7A-34F9-4F4E-B0A7-2CEF59F4E17D}.Debug|x64.Build.0 = Debug|Any CPU
		{DE835E7A-34F9-4F4E-B0A7-2CEF59F4E17D}.Debug|x64.Deploy.0 = Debug|Any CPU
		{DE835E7A-34F9-4F4E-B0A7-2CEF59F4E17D}.Debug|x86.ActiveCfg = Debug|Any CPU
		{DE835E7A-34F9-4F4E-B0A7-2CEF59F4E17D}.Debug|x86.Build.0 = Debug|Any CPU
		{DE835E7A-34F9-4F4E-B0A7-2CEF59F4E17D}.Debug|x86.Deploy.0 = Debug|Any CPU
		{DE835E7A-34F9-4F4E-B0A7-2CEF59F4E17D}.Release|Any CPU.ActiveCfg = Release|Any CPU
		{DE835E7A-34F9-4F4E-B0A7-2CEF59F4E17D}.Release|Any CPU.Build.0 = Release|Any CPU
		{DE835E7A-34F9-4F4E-B0A7-2CEF59F4E17D}.Release|Any CPU.Deploy.0 = Release|Any CPU
		{DE835E7A-34F9-4F4E-B0A7-2CEF59F4E17D}.Release|ARM.ActiveCfg = Release|Any CPU
		{DE835E7A-34F9-4F4E-B0A7-2CEF59F4E17D}.Release|ARM.Build.0 = Release|Any CPU
		{DE835E7A-34F9-4F4E-B0A7-2CEF59F4E17D}.Release|ARM.Deploy.0 = Release|Any CPU
		{DE835E7A-34F9-4F4E-B0A7-2CEF59F4E17D}.Release|iPhone.ActiveCfg = Release|Any CPU
		{DE835E7A-34F9-4F4E-B0A7-2CEF59F4E17D}.Release|iPhone.Build.0 = Release|Any CPU
		{DE835E7A-34F9-4F4E-B0A7-2CEF59F4E17D}.Release|iPhone.Deploy.0 = Release|Any CPU
		{DE835E7A-34F9-4F4E-B0A7-2CEF59F4E17D}.Release|iPhoneSimulator.ActiveCfg = Release|Any CPU
		{DE835E7A-34F9-4F4E-B0A7-2CEF59F4E17D}.Release|iPhoneSimulator.Build.0 = Release|Any CPU
		{DE835E7A-34F9-4F4E-B0A7-2CEF59F4E17D}.Release|iPhoneSimulator.Deploy.0 = Release|Any CPU
		{DE835E7A-34F9-4F4E-B0A7-2CEF59F4E17D}.Release|x64.ActiveCfg = Release|Any CPU
		{DE835E7A-34F9-4F4E-B0A7-2CEF59F4E17D}.Release|x64.Build.0 = Release|Any CPU
		{DE835E7A-34F9-4F4E-B0A7-2CEF59F4E17D}.Release|x64.Deploy.0 = Release|Any CPU
		{DE835E7A-34F9-4F4E-B0A7-2CEF59F4E17D}.Release|x86.ActiveCfg = Release|Any CPU
		{DE835E7A-34F9-4F4E-B0A7-2CEF59F4E17D}.Release|x86.Build.0 = Release|Any CPU
		{DE835E7A-34F9-4F4E-B0A7-2CEF59F4E17D}.Release|x86.Deploy.0 = Release|Any CPU
		{C0C53C14-C2B7-4F3A-84DA-997FE950BCB6}.Debug|Any CPU.ActiveCfg = Debug|iPhone
		{C0C53C14-C2B7-4F3A-84DA-997FE950BCB6}.Debug|Any CPU.Build.0 = Debug|iPhone
		{C0C53C14-C2B7-4F3A-84DA-997FE950BCB6}.Debug|Any CPU.Deploy.0 = Debug|iPhone
		{C0C53C14-C2B7-4F3A-84DA-997FE950BCB6}.Debug|ARM.ActiveCfg = Debug|iPhoneSimulator
		{C0C53C14-C2B7-4F3A-84DA-997FE950BCB6}.Debug|ARM.Build.0 = Debug|iPhoneSimulator
		{C0C53C14-C2B7-4F3A-84DA-997FE950BCB6}.Debug|ARM.Deploy.0 = Debug|iPhoneSimulator
		{C0C53C14-C2B7-4F3A-84DA-997FE950BCB6}.Debug|iPhone.ActiveCfg = Debug|iPhone
		{C0C53C14-C2B7-4F3A-84DA-997FE950BCB6}.Debug|iPhone.Build.0 = Debug|iPhone
		{C0C53C14-C2B7-4F3A-84DA-997FE950BCB6}.Debug|iPhone.Deploy.0 = Debug|iPhone
		{C0C53C14-C2B7-4F3A-84DA-997FE950BCB6}.Debug|iPhoneSimulator.ActiveCfg = Debug|iPhoneSimulator
		{C0C53C14-C2B7-4F3A-84DA-997FE950BCB6}.Debug|iPhoneSimulator.Build.0 = Debug|iPhoneSimulator
		{C0C53C14-C2B7-4F3A-84DA-997FE950BCB6}.Debug|iPhoneSimulator.Deploy.0 = Debug|iPhoneSimulator
		{C0C53C14-C2B7-4F3A-84DA-997FE950BCB6}.Debug|x64.ActiveCfg = Debug|iPhone
		{C0C53C14-C2B7-4F3A-84DA-997FE950BCB6}.Debug|x64.Build.0 = Debug|iPhone
		{C0C53C14-C2B7-4F3A-84DA-997FE950BCB6}.Debug|x64.Deploy.0 = Debug|iPhone
		{C0C53C14-C2B7-4F3A-84DA-997FE950BCB6}.Debug|x86.ActiveCfg = Debug|iPhone
		{C0C53C14-C2B7-4F3A-84DA-997FE950BCB6}.Debug|x86.Build.0 = Debug|iPhone
		{C0C53C14-C2B7-4F3A-84DA-997FE950BCB6}.Debug|x86.Deploy.0 = Debug|iPhone
		{C0C53C14-C2B7-4F3A-84DA-997FE950BCB6}.Release|Any CPU.ActiveCfg = Release|iPhone
		{C0C53C14-C2B7-4F3A-84DA-997FE950BCB6}.Release|Any CPU.Build.0 = Release|iPhone
		{C0C53C14-C2B7-4F3A-84DA-997FE950BCB6}.Release|Any CPU.Deploy.0 = Release|iPhone
		{C0C53C14-C2B7-4F3A-84DA-997FE950BCB6}.Release|ARM.ActiveCfg = Release|iPhone
		{C0C53C14-C2B7-4F3A-84DA-997FE950BCB6}.Release|ARM.Build.0 = Release|iPhone
		{C0C53C14-C2B7-4F3A-84DA-997FE950BCB6}.Release|ARM.Deploy.0 = Release|iPhone
		{C0C53C14-C2B7-4F3A-84DA-997FE950BCB6}.Release|iPhone.ActiveCfg = Release|iPhone
		{C0C53C14-C2B7-4F3A-84DA-997FE950BCB6}.Release|iPhone.Build.0 = Release|iPhone
		{C0C53C14-C2B7-4F3A-84DA-997FE950BCB6}.Release|iPhone.Deploy.0 = Release|iPhone
		{C0C53C14-C2B7-4F3A-84DA-997FE950BCB6}.Release|iPhoneSimulator.ActiveCfg = Release|iPhoneSimulator
		{C0C53C14-C2B7-4F3A-84DA-997FE950BCB6}.Release|iPhoneSimulator.Build.0 = Release|iPhoneSimulator
		{C0C53C14-C2B7-4F3A-84DA-997FE950BCB6}.Release|iPhoneSimulator.Deploy.0 = Release|iPhoneSimulator
		{C0C53C14-C2B7-4F3A-84DA-997FE950BCB6}.Release|x64.ActiveCfg = Release|iPhone
		{C0C53C14-C2B7-4F3A-84DA-997FE950BCB6}.Release|x64.Build.0 = Release|iPhone
		{C0C53C14-C2B7-4F3A-84DA-997FE950BCB6}.Release|x64.Deploy.0 = Release|iPhone
		{C0C53C14-C2B7-4F3A-84DA-997FE950BCB6}.Release|x86.ActiveCfg = Release|iPhone
		{C0C53C14-C2B7-4F3A-84DA-997FE950BCB6}.Release|x86.Build.0 = Release|iPhone
		{C0C53C14-C2B7-4F3A-84DA-997FE950BCB6}.Release|x86.Deploy.0 = Release|iPhone
		{6395249E-4877-4451-B75F-004B3D4C4645}.Debug|Any CPU.ActiveCfg = Debug|Any CPU
		{6395249E-4877-4451-B75F-004B3D4C4645}.Debug|Any CPU.Build.0 = Debug|Any CPU
		{6395249E-4877-4451-B75F-004B3D4C4645}.Debug|Any CPU.Deploy.0 = Debug|Any CPU
		{6395249E-4877-4451-B75F-004B3D4C4645}.Debug|ARM.ActiveCfg = Debug|Any CPU
		{6395249E-4877-4451-B75F-004B3D4C4645}.Debug|ARM.Build.0 = Debug|Any CPU
		{6395249E-4877-4451-B75F-004B3D4C4645}.Debug|ARM.Deploy.0 = Debug|Any CPU
		{6395249E-4877-4451-B75F-004B3D4C4645}.Debug|iPhone.ActiveCfg = Debug|Any CPU
		{6395249E-4877-4451-B75F-004B3D4C4645}.Debug|iPhone.Build.0 = Debug|Any CPU
		{6395249E-4877-4451-B75F-004B3D4C4645}.Debug|iPhone.Deploy.0 = Debug|Any CPU
		{6395249E-4877-4451-B75F-004B3D4C4645}.Debug|iPhoneSimulator.ActiveCfg = Debug|Any CPU
		{6395249E-4877-4451-B75F-004B3D4C4645}.Debug|iPhoneSimulator.Build.0 = Debug|Any CPU
		{6395249E-4877-4451-B75F-004B3D4C4645}.Debug|iPhoneSimulator.Deploy.0 = Debug|Any CPU
		{6395249E-4877-4451-B75F-004B3D4C4645}.Debug|x64.ActiveCfg = Debug|Any CPU
		{6395249E-4877-4451-B75F-004B3D4C4645}.Debug|x64.Build.0 = Debug|Any CPU
		{6395249E-4877-4451-B75F-004B3D4C4645}.Debug|x64.Deploy.0 = Debug|Any CPU
		{6395249E-4877-4451-B75F-004B3D4C4645}.Debug|x86.ActiveCfg = Debug|Any CPU
		{6395249E-4877-4451-B75F-004B3D4C4645}.Debug|x86.Build.0 = Debug|Any CPU
		{6395249E-4877-4451-B75F-004B3D4C4645}.Debug|x86.Deploy.0 = Debug|Any CPU
		{6395249E-4877-4451-B75F-004B3D4C4645}.Release|Any CPU.ActiveCfg = Release|Any CPU
		{6395249E-4877-4451-B75F-004B3D4C4645}.Release|Any CPU.Build.0 = Release|Any CPU
		{6395249E-4877-4451-B75F-004B3D4C4645}.Release|Any CPU.Deploy.0 = Release|Any CPU
		{6395249E-4877-4451-B75F-004B3D4C4645}.Release|ARM.ActiveCfg = Release|Any CPU
		{6395249E-4877-4451-B75F-004B3D4C4645}.Release|ARM.Build.0 = Release|Any CPU
		{6395249E-4877-4451-B75F-004B3D4C4645}.Release|ARM.Deploy.0 = Release|Any CPU
		{6395249E-4877-4451-B75F-004B3D4C4645}.Release|iPhone.ActiveCfg = Release|Any CPU
		{6395249E-4877-4451-B75F-004B3D4C4645}.Release|iPhone.Build.0 = Release|Any CPU
		{6395249E-4877-4451-B75F-004B3D4C4645}.Release|iPhone.Deploy.0 = Release|Any CPU
		{6395249E-4877-4451-B75F-004B3D4C4645}.Release|iPhoneSimulator.ActiveCfg = Release|Any CPU
		{6395249E-4877-4451-B75F-004B3D4C4645}.Release|iPhoneSimulator.Build.0 = Release|Any CPU
		{6395249E-4877-4451-B75F-004B3D4C4645}.Release|iPhoneSimulator.Deploy.0 = Release|Any CPU
		{6395249E-4877-4451-B75F-004B3D4C4645}.Release|x64.ActiveCfg = Release|Any CPU
		{6395249E-4877-4451-B75F-004B3D4C4645}.Release|x64.Build.0 = Release|Any CPU
		{6395249E-4877-4451-B75F-004B3D4C4645}.Release|x64.Deploy.0 = Release|Any CPU
		{6395249E-4877-4451-B75F-004B3D4C4645}.Release|x86.ActiveCfg = Release|Any CPU
		{6395249E-4877-4451-B75F-004B3D4C4645}.Release|x86.Build.0 = Release|Any CPU
		{6395249E-4877-4451-B75F-004B3D4C4645}.Release|x86.Deploy.0 = Release|Any CPU
	EndGlobalSection
	GlobalSection(SolutionProperties) = preSolution
		HideSolutionNode = FALSE
	EndGlobalSection
	GlobalSection(ExtensibilityGlobals) = postSolution
		SolutionGuid = {46B34E6F-9210-4239-96DD-9FE9DE6F8913}
	EndGlobalSection
EndGlobal
